
Microsoft Visual Studio Solution File, Format Version 12.00
# Visual Studio Version 16
VisualStudioVersion = 16.0.30907.101
MinimumVisualStudioVersion = 10.0.40219.1
Project("{FAE04EC0-301F-11D3-BF4B-00C04F79EFBC}") = "ConnectBinaryTreeByLevel", "ConnectBinaryTreeByLevel\ConnectBinaryTreeByLevel.csproj", "{CCF877AB-687B-41DC-9A07-40A2D83978C6}"
EndProject
Project("{FAE04EC0-301F-11D3-BF4B-00C04F79EFBC}") = "ConnectBinaryTreeByLevel.Tests.Unit", "ConnectBinaryTreeByLevel.Tests.Unit\ConnectBinaryTreeByLevel.Tests.Unit.csproj", "{D3382E9F-DF01-457A-B3A8-5C75B1699BEF}"
EndProject
Global
	GlobalSection(SolutionConfigurationPlatforms) = preSolution
		Debug|Any CPU = Debug|Any CPU
		Release|Any CPU = Release|Any CPU
	EndGlobalSection
	GlobalSection(ProjectConfigurationPlatforms) = postSolution
		{CCF877AB-687B-41DC-9A07-40A2D83978C6}.Debug|Any CPU.ActiveCfg = Debug|Any CPU
		{CCF877AB-687B-41DC-9A07-40A2D83978C6}.Debug|Any CPU.Build.0 = Debug|Any CPU
		{CCF877AB-687B-41DC-9A07-40A2D83978C6}.Release|Any CPU.ActiveCfg = Release|Any CPU
		{CCF877AB-687B-41DC-9A07-40A2D83978C6}.Release|Any CPU.Build.0 = Release|Any CPU
		{D3382E9F-DF01-457A-B3A8-5C75B1699BEF}.Debug|Any CPU.ActiveCfg = Debug|Any CPU
		{D3382E9F-DF01-457A-B3A8-5C75B1699BEF}.Debug|Any CPU.Build.0 = Debug|Any CPU
		{D3382E9F-DF01-457A-B3A8-5C75B1699BEF}.Release|Any CPU.ActiveCfg = Release|Any CPU
		{D3382E9F-DF01-457A-B3A8-5C75B1699BEF}.Release|Any CPU.Build.0 = Release|Any CPU
	EndGlobalSection
	GlobalSection(SolutionProperties) = preSolution
		HideSolutionNode = FALSE
	EndGlobalSection
	GlobalSection(ExtensibilityGlobals) = postSolution
		SolutionGuid = {CC7250EF-E423-4DF5-BC04-D6363F227BB6}
	EndGlobalSection
EndGlobal
