
Microsoft Visual Studio Solution File, Format Version 12.00
# Visual Studio Version 16
VisualStudioVersion = 16.0.30907.101
MinimumVisualStudioVersion = 10.0.40219.1
Project("{FAE04EC0-301F-11D3-BF4B-00C04F79EFBC}") = "PhoneBoothDictionary", "PhoneBoothDictionary\PhoneBoothDictionary.csproj", "{0C8456CE-54EC-498B-A7B7-1B7C6C0EA11D}"
EndProject
Project("{FAE04EC0-301F-11D3-BF4B-00C04F79EFBC}") = "PhoneBoothDictionary.Tests.Unit", "PhoneBoothDictionary.Tests.Unit\PhoneBoothDictionary.Tests.Unit.csproj", "{40F533C8-E21D-45CD-91BD-10BD57134DE1}"
EndProject
Global
	GlobalSection(SolutionConfigurationPlatforms) = preSolution
		Debug|Any CPU = Debug|Any CPU
		Release|Any CPU = Release|Any CPU
	EndGlobalSection
	GlobalSection(ProjectConfigurationPlatforms) = postSolution
		{0C8456CE-54EC-498B-A7B7-1B7C6C0EA11D}.Debug|Any CPU.ActiveCfg = Debug|Any CPU
		{0C8456CE-54EC-498B-A7B7-1B7C6C0EA11D}.Debug|Any CPU.Build.0 = Debug|Any CPU
		{0C8456CE-54EC-498B-A7B7-1B7C6C0EA11D}.Release|Any CPU.ActiveCfg = Release|Any CPU
		{0C8456CE-54EC-498B-A7B7-1B7C6C0EA11D}.Release|Any CPU.Build.0 = Release|Any CPU
		{40F533C8-E21D-45CD-91BD-10BD57134DE1}.Debug|Any CPU.ActiveCfg = Debug|Any CPU
		{40F533C8-E21D-45CD-91BD-10BD57134DE1}.Debug|Any CPU.Build.0 = Debug|Any CPU
		{40F533C8-E21D-45CD-91BD-10BD57134DE1}.Release|Any CPU.ActiveCfg = Release|Any CPU
		{40F533C8-E21D-45CD-91BD-10BD57134DE1}.Release|Any CPU.Build.0 = Release|Any CPU
	EndGlobalSection
	GlobalSection(SolutionProperties) = preSolution
		HideSolutionNode = FALSE
	EndGlobalSection
	GlobalSection(ExtensibilityGlobals) = postSolution
		SolutionGuid = {AFD268FE-5168-4709-A4BF-FC48D2D6FC3E}
	EndGlobalSection
EndGlobal
